
Microsoft Visual Studio Solution File, Format Version 12.00
# Visual Studio Version 17
VisualStudioVersion = 17.4.33103.184
MinimumVisualStudioVersion = 10.0.40219.1
Project("{FAE04EC0-301F-11D3-BF4B-00C04F79EFBC}") = "AzureAd", "AzureAd\AzureAd.csproj", "{95033FCF-5385-4C83-92D2-AEF318CDC0EC}"
EndProject
Project("{2150E333-8FDC-42A3-9474-1A3956D46DE8}") = "solutionItems", "solutionItems", "{E1847EAF-4CC9-4BC2-93EC-D6E089ACAAC2}"
	ProjectSection(SolutionItems) = preProject
		config.txt = config.txt
	EndProjectSection
EndProject
Global
	GlobalSection(SolutionConfigurationPlatforms) = preSolution
		Debug|Any CPU = Debug|Any CPU
		Release|Any CPU = Release|Any CPU
	EndGlobalSection
	GlobalSection(ProjectConfigurationPlatforms) = postSolution
		{95033FCF-5385-4C83-92D2-AEF318CDC0EC}.Debug|Any CPU.ActiveCfg = Debug|Any CPU
		{95033FCF-5385-4C83-92D2-AEF318CDC0EC}.Debug|Any CPU.Build.0 = Debug|Any CPU
		{95033FCF-5385-4C83-92D2-AEF318CDC0EC}.Release|Any CPU.ActiveCfg = Release|Any CPU
		{95033FCF-5385-4C83-92D2-AEF318CDC0EC}.Release|Any CPU.Build.0 = Release|Any CPU
	EndGlobalSection
	GlobalSection(SolutionProperties) = preSolution
		HideSolutionNode = FALSE
	EndGlobalSection
	GlobalSection(ExtensibilityGlobals) = postSolution
		SolutionGuid = {A465DC60-7BEE-435B-90D1-91FBBF84A897}
	EndGlobalSection
EndGlobal
